
Microsoft Visual Studio Solution File, Format Version 12.00
# Visual Studio Version 17
VisualStudioVersion = 17.8.34316.72
MinimumVisualStudioVersion = 10.0.40219.1
Project("{FAE04EC0-301F-11D3-BF4B-00C04F79EFBC}") = "Zevopay", "Zevopay\Zevopay.csproj", "{F659C92B-AF18-4701-AE2A-62FD76569573}"
EndProject
Global
	GlobalSection(SolutionConfigurationPlatforms) = preSolution
		Debug|Any CPU = Debug|Any CPU
		Release|Any CPU = Release|Any CPU
	EndGlobalSection
	GlobalSection(ProjectConfigurationPlatforms) = postSolution
		{F659C92B-AF18-4701-AE2A-62FD76569573}.Debug|Any CPU.ActiveCfg = Debug|Any CPU
		{F659C92B-AF18-4701-AE2A-62FD76569573}.Debug|Any CPU.Build.0 = Debug|Any CPU
		{F659C92B-AF18-4701-AE2A-62FD76569573}.Release|Any CPU.ActiveCfg = Release|Any CPU
		{F659C92B-AF18-4701-AE2A-62FD76569573}.Release|Any CPU.Build.0 = Release|Any CPU
	EndGlobalSection
	GlobalSection(SolutionProperties) = preSolution
		HideSolutionNode = FALSE
	EndGlobalSection
	GlobalSection(ExtensibilityGlobals) = postSolution
		SolutionGuid = {9E2C8754-1D04-4A5B-BD80-7B66A17D5B9F}
	EndGlobalSection
EndGlobal
